
Microsoft Visual Studio Solution File, Format Version 12.00
# Visual Studio Version 18
VisualStudioVersion = 18.1.11304.174
MinimumVisualStudioVersion = 10.0.40219.1
Project("{2150E333-8FDC-42A3-9474-1A3956D46DE8}") = "src", "src", "{02EA681E-C7D8-13C7-8484-4AC65E1B71E8}"
EndProject
Project("{2150E333-8FDC-42A3-9474-1A3956D46DE8}") = "Modules", "Modules", "{7B7A6367-6DBF-4154-B0DB-B9FC8F849CEA}"
EndProject
Project("{FAE04EC0-301F-11D3-BF4B-00C04F79EFBC}") = "SharedKernel", "src\SharedKernel\SharedKernel.csproj", "{3AC20B2C-87CD-4A09-96BC-B06291F1CFDF}"
EndProject
Project("{FAE04EC0-301F-11D3-BF4B-00C04F79EFBC}") = "BuildingBlocks", "src\BuildingBlocks\BuildingBlocks.csproj", "{4C0D0608-84DC-4D3A-810F-1D864E64EF2A}"
EndProject
Project("{2150E333-8FDC-42A3-9474-1A3956D46DE8}") = "Plans", "Plans", "{D87B5FC5-D041-432C-9C9D-34E2536A0722}"
EndProject
Project("{FAE04EC0-301F-11D3-BF4B-00C04F79EFBC}") = "Plans.Domain", "src\Modules\Plans\Plans.Domain\Plans.Domain.csproj", "{88886D8E-06AA-49B8-85B3-2FE71067E5A6}"
EndProject
Project("{FAE04EC0-301F-11D3-BF4B-00C04F79EFBC}") = "Plans.Application", "src\Modules\Plans\Plans.Application\Plans.Application.csproj", "{78804808-04B2-4FDE-973B-9329204C4F1F}"
EndProject
Project("{FAE04EC0-301F-11D3-BF4B-00C04F79EFBC}") = "Plans.Infrastructure", "src\Modules\Plans\Plans.Infrastructure\Plans.Infrastructure.csproj", "{681B24D9-634E-4D56-8258-C9E34D3FFA77}"
EndProject
Project("{FAE04EC0-301F-11D3-BF4B-00C04F79EFBC}") = "Plans.API", "src\Modules\Plans\Plans.API\Plans.API.csproj", "{F478FA6B-7C59-4E5A-9B15-D34403F85736}"
EndProject
Project("{FAE04EC0-301F-11D3-BF4B-00C04F79EFBC}") = "WebAPI.Host", "src\WebAPI.Host\WebAPI.Host.csproj", "{2EBC1883-ED0C-46FC-824D-C5C19C3B5BE5}"
EndProject
Project("{FAE04EC0-301F-11D3-BF4B-00C04F79EFBC}") = "Plans.Application.Contracts", "src\Modules\Plans\Plans.Application.Abstractions\Plans.Application.Contracts.csproj", "{1DB25B80-2B54-4D8D-B87B-8613BE46756A}"
EndProject
Project("{2150E333-8FDC-42A3-9474-1A3956D46DE8}") = "Solution Items", "Solution Items", "{CAE9E442-F184-49A6-B35D-C7B4B776642D}"
	ProjectSection(SolutionItems) = preProject
		.editorconfig = .editorconfig
	EndProjectSection
EndProject
Project("{2150E333-8FDC-42A3-9474-1A3956D46DE8}") = "Identity", "Identity", "{CE14E4FA-200F-43C5-9A11-C9724377E764}"
EndProject
Project("{FAE04EC0-301F-11D3-BF4B-00C04F79EFBC}") = "Identity.Infrastructure", "src\Modules\Identity\Identity.Infrastructure\Identity.Infrastructure.csproj", "{C2AE8E96-60BD-4D9B-9E2F-092949277F7A}"
EndProject
Project("{FAE04EC0-301F-11D3-BF4B-00C04F79EFBC}") = "Identity.API", "src\Modules\Identity\Identity.API\Identity.API.csproj", "{81B79DDA-EFB4-40B0-ABCD-D44A02467260}"
EndProject
Project("{2150E333-8FDC-42A3-9474-1A3956D46DE8}") = "Subscribers", "Subscribers", "{240C5F59-0035-4DEF-A118-8F1554BAB0A5}"
EndProject
Project("{FAE04EC0-301F-11D3-BF4B-00C04F79EFBC}") = "Subscribers.Domain", "src\Modules\Subscriber\Subscriber.Domain\Subscribers.Domain.csproj", "{0E254F0A-FBF4-458A-B851-5648DA90FE1F}"
EndProject
Project("{FAE04EC0-301F-11D3-BF4B-00C04F79EFBC}") = "Identity.Application", "src\Modules\Identity\Identity.Application\Identity.Application.csproj", "{EF5112AC-6B5E-4F6D-9B31-E55C89431C5E}"
EndProject
Project("{FAE04EC0-301F-11D3-BF4B-00C04F79EFBC}") = "Subscribers.Application", "src\Modules\Subscriber\Subscribers.Application\Subscribers.Application.csproj", "{161BA628-CA70-4E07-BE4B-563708CA5DAE}"
EndProject
Project("{FAE04EC0-301F-11D3-BF4B-00C04F79EFBC}") = "Subscribers.Infrastructure", "src\Modules\Subscriber\Subscribers.Infrastructure\Subscribers.Infrastructure.csproj", "{EF408C13-243D-472F-AE45-27493883CB86}"
EndProject
Global
	GlobalSection(SolutionConfigurationPlatforms) = preSolution
		Debug|Any CPU = Debug|Any CPU
		Debug|x64 = Debug|x64
		Debug|x86 = Debug|x86
		Release|Any CPU = Release|Any CPU
		Release|x64 = Release|x64
		Release|x86 = Release|x86
	EndGlobalSection
	GlobalSection(ProjectConfigurationPlatforms) = postSolution
		{3AC20B2C-87CD-4A09-96BC-B06291F1CFDF}.Debug|Any CPU.ActiveCfg = Debug|Any CPU
		{3AC20B2C-87CD-4A09-96BC-B06291F1CFDF}.Debug|Any CPU.Build.0 = Debug|Any CPU
		{3AC20B2C-87CD-4A09-96BC-B06291F1CFDF}.Debug|x64.ActiveCfg = Debug|Any CPU
		{3AC20B2C-87CD-4A09-96BC-B06291F1CFDF}.Debug|x64.Build.0 = Debug|Any CPU
		{3AC20B2C-87CD-4A09-96BC-B06291F1CFDF}.Debug|x86.ActiveCfg = Debug|Any CPU
		{3AC20B2C-87CD-4A09-96BC-B06291F1CFDF}.Debug|x86.Build.0 = Debug|Any CPU
		{3AC20B2C-87CD-4A09-96BC-B06291F1CFDF}.Release|Any CPU.ActiveCfg = Release|Any CPU
		{3AC20B2C-87CD-4A09-96BC-B06291F1CFDF}.Release|Any CPU.Build.0 = Release|Any CPU
		{3AC20B2C-87CD-4A09-96BC-B06291F1CFDF}.Release|x64.ActiveCfg = Release|Any CPU
		{3AC20B2C-87CD-4A09-96BC-B06291F1CFDF}.Release|x64.Build.0 = Release|Any CPU
		{3AC20B2C-87CD-4A09-96BC-B06291F1CFDF}.Release|x86.ActiveCfg = Release|Any CPU
		{3AC20B2C-87CD-4A09-96BC-B06291F1CFDF}.Release|x86.Build.0 = Release|Any CPU
		{4C0D0608-84DC-4D3A-810F-1D864E64EF2A}.Debug|Any CPU.ActiveCfg = Debug|Any CPU
		{4C0D0608-84DC-4D3A-810F-1D864E64EF2A}.Debug|Any CPU.Build.0 = Debug|Any CPU
		{4C0D0608-84DC-4D3A-810F-1D864E64EF2A}.Debug|x64.ActiveCfg = Debug|Any CPU
		{4C0D0608-84DC-4D3A-810F-1D864E64EF2A}.Debug|x64.Build.0 = Debug|Any CPU
		{4C0D0608-84DC-4D3A-810F-1D864E64EF2A}.Debug|x86.ActiveCfg = Debug|Any CPU
		{4C0D0608-84DC-4D3A-810F-1D864E64EF2A}.Debug|x86.Build.0 = Debug|Any CPU
		{4C0D0608-84DC-4D3A-810F-1D864E64EF2A}.Release|Any CPU.ActiveCfg = Release|Any CPU
		{4C0D0608-84DC-4D3A-810F-1D864E64EF2A}.Release|Any CPU.Build.0 = Release|Any CPU
		{4C0D0608-84DC-4D3A-810F-1D864E64EF2A}.Release|x64.ActiveCfg = Release|Any CPU
		{4C0D0608-84DC-4D3A-810F-1D864E64EF2A}.Release|x64.Build.0 = Release|Any CPU
		{4C0D0608-84DC-4D3A-810F-1D864E64EF2A}.Release|x86.ActiveCfg = Release|Any CPU
		{4C0D0608-84DC-4D3A-810F-1D864E64EF2A}.Release|x86.Build.0 = Release|Any CPU
		{88886D8E-06AA-49B8-85B3-2FE71067E5A6}.Debug|Any CPU.ActiveCfg = Debug|Any CPU
		{88886D8E-06AA-49B8-85B3-2FE71067E5A6}.Debug|Any CPU.Build.0 = Debug|Any CPU
		{88886D8E-06AA-49B8-85B3-2FE71067E5A6}.Debug|x64.ActiveCfg = Debug|Any CPU
		{88886D8E-06AA-49B8-85B3-2FE71067E5A6}.Debug|x64.Build.0 = Debug|Any CPU
		{88886D8E-06AA-49B8-85B3-2FE71067E5A6}.Debug|x86.ActiveCfg = Debug|Any CPU
		{88886D8E-06AA-49B8-85B3-2FE71067E5A6}.Debug|x86.Build.0 = Debug|Any CPU
		{88886D8E-06AA-49B8-85B3-2FE71067E5A6}.Release|Any CPU.ActiveCfg = Release|Any CPU
		{88886D8E-06AA-49B8-85B3-2FE71067E5A6}.Release|Any CPU.Build.0 = Release|Any CPU
		{88886D8E-06AA-49B8-85B3-2FE71067E5A6}.Release|x64.ActiveCfg = Release|Any CPU
		{88886D8E-06AA-49B8-85B3-2FE71067E5A6}.Release|x64.Build.0 = Release|Any CPU
		{88886D8E-06AA-49B8-85B3-2FE71067E5A6}.Release|x86.ActiveCfg = Release|Any CPU
		{88886D8E-06AA-49B8-85B3-2FE71067E5A6}.Release|x86.Build.0 = Release|Any CPU
		{78804808-04B2-4FDE-973B-9329204C4F1F}.Debug|Any CPU.ActiveCfg = Debug|Any CPU
		{78804808-04B2-4FDE-973B-9329204C4F1F}.Debug|Any CPU.Build.0 = Debug|Any CPU
		{78804808-04B2-4FDE-973B-9329204C4F1F}.Debug|x64.ActiveCfg = Debug|Any CPU
		{78804808-04B2-4FDE-973B-9329204C4F1F}.Debug|x64.Build.0 = Debug|Any CPU
		{78804808-04B2-4FDE-973B-9329204C4F1F}.Debug|x86.ActiveCfg = Debug|Any CPU
		{78804808-04B2-4FDE-973B-9329204C4F1F}.Debug|x86.Build.0 = Debug|Any CPU
		{78804808-04B2-4FDE-973B-9329204C4F1F}.Release|Any CPU.ActiveCfg = Release|Any CPU
		{78804808-04B2-4FDE-973B-9329204C4F1F}.Release|Any CPU.Build.0 = Release|Any CPU
		{78804808-04B2-4FDE-973B-9329204C4F1F}.Release|x64.ActiveCfg = Release|Any CPU
		{78804808-04B2-4FDE-973B-9329204C4F1F}.Release|x64.Build.0 = Release|Any CPU
		{78804808-04B2-4FDE-973B-9329204C4F1F}.Release|x86.ActiveCfg = Release|Any CPU
		{78804808-04B2-4FDE-973B-9329204C4F1F}.Release|x86.Build.0 = Release|Any CPU
		{681B24D9-634E-4D56-8258-C9E34D3FFA77}.Debug|Any CPU.ActiveCfg = Debug|Any CPU
		{681B24D9-634E-4D56-8258-C9E34D3FFA77}.Debug|Any CPU.Build.0 = Debug|Any CPU
		{681B24D9-634E-4D56-8258-C9E34D3FFA77}.Debug|x64.ActiveCfg = Debug|Any CPU
		{681B24D9-634E-4D56-8258-C9E34D3FFA77}.Debug|x64.Build.0 = Debug|Any CPU
		{681B24D9-634E-4D56-8258-C9E34D3FFA77}.Debug|x86.ActiveCfg = Debug|Any CPU
		{681B24D9-634E-4D56-8258-C9E34D3FFA77}.Debug|x86.Build.0 = Debug|Any CPU
		{681B24D9-634E-4D56-8258-C9E34D3FFA77}.Release|Any CPU.ActiveCfg = Release|Any CPU
		{681B24D9-634E-4D56-8258-C9E34D3FFA77}.Release|Any CPU.Build.0 = Release|Any CPU
		{681B24D9-634E-4D56-8258-C9E34D3FFA77}.Release|x64.ActiveCfg = Release|Any CPU
		{681B24D9-634E-4D56-8258-C9E34D3FFA77}.Release|x64.Build.0 = Release|Any CPU
		{681B24D9-634E-4D56-8258-C9E34D3FFA77}.Release|x86.ActiveCfg = Release|Any CPU
		{681B24D9-634E-4D56-8258-C9E34D3FFA77}.Release|x86.Build.0 = Release|Any CPU
		{F478FA6B-7C59-4E5A-9B15-D34403F85736}.Debug|Any CPU.ActiveCfg = Debug|Any CPU
		{F478FA6B-7C59-4E5A-9B15-D34403F85736}.Debug|Any CPU.Build.0 = Debug|Any CPU
		{F478FA6B-7C59-4E5A-9B15-D34403F85736}.Debug|x64.ActiveCfg = Debug|Any CPU
		{F478FA6B-7C59-4E5A-9B15-D34403F85736}.Debug|x64.Build.0 = Debug|Any CPU
		{F478FA6B-7C59-4E5A-9B15-D34403F85736}.Debug|x86.ActiveCfg = Debug|Any CPU
		{F478FA6B-7C59-4E5A-9B15-D34403F85736}.Debug|x86.Build.0 = Debug|Any CPU
		{F478FA6B-7C59-4E5A-9B15-D34403F85736}.Release|Any CPU.ActiveCfg = Release|Any CPU
		{F478FA6B-7C59-4E5A-9B15-D34403F85736}.Release|Any CPU.Build.0 = Release|Any CPU
		{F478FA6B-7C59-4E5A-9B15-D34403F85736}.Release|x64.ActiveCfg = Release|Any CPU
		{F478FA6B-7C59-4E5A-9B15-D34403F85736}.Release|x64.Build.0 = Release|Any CPU
		{F478FA6B-7C59-4E5A-9B15-D34403F85736}.Release|x86.ActiveCfg = Release|Any CPU
		{F478FA6B-7C59-4E5A-9B15-D34403F85736}.Release|x86.Build.0 = Release|Any CPU
		{2EBC1883-ED0C-46FC-824D-C5C19C3B5BE5}.Debug|Any CPU.ActiveCfg = Debug|Any CPU
		{2EBC1883-ED0C-46FC-824D-C5C19C3B5BE5}.Debug|Any CPU.Build.0 = Debug|Any CPU
		{2EBC1883-ED0C-46FC-824D-C5C19C3B5BE5}.Debug|x64.ActiveCfg = Debug|Any CPU
		{2EBC1883-ED0C-46FC-824D-C5C19C3B5BE5}.Debug|x64.Build.0 = Debug|Any CPU
		{2EBC1883-ED0C-46FC-824D-C5C19C3B5BE5}.Debug|x86.ActiveCfg = Debug|Any CPU
		{2EBC1883-ED0C-46FC-824D-C5C19C3B5BE5}.Debug|x86.Build.0 = Debug|Any CPU
		{2EBC1883-ED0C-46FC-824D-C5C19C3B5BE5}.Release|Any CPU.ActiveCfg = Release|Any CPU
		{2EBC1883-ED0C-46FC-824D-C5C19C3B5BE5}.Release|Any CPU.Build.0 = Release|Any CPU
		{2EBC1883-ED0C-46FC-824D-C5C19C3B5BE5}.Release|x64.ActiveCfg = Release|Any CPU
		{2EBC1883-ED0C-46FC-824D-C5C19C3B5BE5}.Release|x64.Build.0 = Release|Any CPU
		{2EBC1883-ED0C-46FC-824D-C5C19C3B5BE5}.Release|x86.ActiveCfg = Release|Any CPU
		{2EBC1883-ED0C-46FC-824D-C5C19C3B5BE5}.Release|x86.Build.0 = Release|Any CPU
		{1DB25B80-2B54-4D8D-B87B-8613BE46756A}.Debug|Any CPU.ActiveCfg = Debug|Any CPU
		{1DB25B80-2B54-4D8D-B87B-8613BE46756A}.Debug|Any CPU.Build.0 = Debug|Any CPU
		{1DB25B80-2B54-4D8D-B87B-8613BE46756A}.Debug|x64.ActiveCfg = Debug|Any CPU
		{1DB25B80-2B54-4D8D-B87B-8613BE46756A}.Debug|x64.Build.0 = Debug|Any CPU
		{1DB25B80-2B54-4D8D-B87B-8613BE46756A}.Debug|x86.ActiveCfg = Debug|Any CPU
		{1DB25B80-2B54-4D8D-B87B-8613BE46756A}.Debug|x86.Build.0 = Debug|Any CPU
		{1DB25B80-2B54-4D8D-B87B-8613BE46756A}.Release|Any CPU.ActiveCfg = Release|Any CPU
		{1DB25B80-2B54-4D8D-B87B-8613BE46756A}.Release|Any CPU.Build.0 = Release|Any CPU
		{1DB25B80-2B54-4D8D-B87B-8613BE46756A}.Release|x64.ActiveCfg = Release|Any CPU
		{1DB25B80-2B54-4D8D-B87B-8613BE46756A}.Release|x64.Build.0 = Release|Any CPU
		{1DB25B80-2B54-4D8D-B87B-8613BE46756A}.Release|x86.ActiveCfg = Release|Any CPU
		{1DB25B80-2B54-4D8D-B87B-8613BE46756A}.Release|x86.Build.0 = Release|Any CPU
		{C2AE8E96-60BD-4D9B-9E2F-092949277F7A}.Debug|Any CPU.ActiveCfg = Debug|Any CPU
		{C2AE8E96-60BD-4D9B-9E2F-092949277F7A}.Debug|Any CPU.Build.0 = Debug|Any CPU
		{C2AE8E96-60BD-4D9B-9E2F-092949277F7A}.Debug|x64.ActiveCfg = Debug|Any CPU
		{C2AE8E96-60BD-4D9B-9E2F-092949277F7A}.Debug|x64.Build.0 = Debug|Any CPU
		{C2AE8E96-60BD-4D9B-9E2F-092949277F7A}.Debug|x86.ActiveCfg = Debug|Any CPU
		{C2AE8E96-60BD-4D9B-9E2F-092949277F7A}.Debug|x86.Build.0 = Debug|Any CPU
		{C2AE8E96-60BD-4D9B-9E2F-092949277F7A}.Release|Any CPU.ActiveCfg = Release|Any CPU
		{C2AE8E96-60BD-4D9B-9E2F-092949277F7A}.Release|Any CPU.Build.0 = Release|Any CPU
		{C2AE8E96-60BD-4D9B-9E2F-092949277F7A}.Release|x64.ActiveCfg = Release|Any CPU
		{C2AE8E96-60BD-4D9B-9E2F-092949277F7A}.Release|x64.Build.0 = Release|Any CPU
		{C2AE8E96-60BD-4D9B-9E2F-092949277F7A}.Release|x86.ActiveCfg = Release|Any CPU
		{C2AE8E96-60BD-4D9B-9E2F-092949277F7A}.Release|x86.Build.0 = Release|Any CPU
		{81B79DDA-EFB4-40B0-ABCD-D44A02467260}.Debug|Any CPU.ActiveCfg = Debug|Any CPU
		{81B79DDA-EFB4-40B0-ABCD-D44A02467260}.Debug|Any CPU.Build.0 = Debug|Any CPU
		{81B79DDA-EFB4-40B0-ABCD-D44A02467260}.Debug|x64.ActiveCfg = Debug|Any CPU
		{81B79DDA-EFB4-40B0-ABCD-D44A02467260}.Debug|x64.Build.0 = Debug|Any CPU
		{81B79DDA-EFB4-40B0-ABCD-D44A02467260}.Debug|x86.ActiveCfg = Debug|Any CPU
		{81B79DDA-EFB4-40B0-ABCD-D44A02467260}.Debug|x86.Build.0 = Debug|Any CPU
		{81B79DDA-EFB4-40B0-ABCD-D44A02467260}.Release|Any CPU.ActiveCfg = Release|Any CPU
		{81B79DDA-EFB4-40B0-ABCD-D44A02467260}.Release|Any CPU.Build.0 = Release|Any CPU
		{81B79DDA-EFB4-40B0-ABCD-D44A02467260}.Release|x64.ActiveCfg = Release|Any CPU
		{81B79DDA-EFB4-40B0-ABCD-D44A02467260}.Release|x64.Build.0 = Release|Any CPU
		{81B79DDA-EFB4-40B0-ABCD-D44A02467260}.Release|x86.ActiveCfg = Release|Any CPU
		{81B79DDA-EFB4-40B0-ABCD-D44A02467260}.Release|x86.Build.0 = Release|Any CPU
		{0E254F0A-FBF4-458A-B851-5648DA90FE1F}.Debug|Any CPU.ActiveCfg = Debug|Any CPU
		{0E254F0A-FBF4-458A-B851-5648DA90FE1F}.Debug|Any CPU.Build.0 = Debug|Any CPU
		{0E254F0A-FBF4-458A-B851-5648DA90FE1F}.Debug|x64.ActiveCfg = Debug|Any CPU
		{0E254F0A-FBF4-458A-B851-5648DA90FE1F}.Debug|x64.Build.0 = Debug|Any CPU
		{0E254F0A-FBF4-458A-B851-5648DA90FE1F}.Debug|x86.ActiveCfg = Debug|Any CPU
		{0E254F0A-FBF4-458A-B851-5648DA90FE1F}.Debug|x86.Build.0 = Debug|Any CPU
		{0E254F0A-FBF4-458A-B851-5648DA90FE1F}.Release|Any CPU.ActiveCfg = Release|Any CPU
		{0E254F0A-FBF4-458A-B851-5648DA90FE1F}.Release|Any CPU.Build.0 = Release|Any CPU
		{0E254F0A-FBF4-458A-B851-5648DA90FE1F}.Release|x64.ActiveCfg = Release|Any CPU
		{0E254F0A-FBF4-458A-B851-5648DA90FE1F}.Release|x64.Build.0 = Release|Any CPU
		{0E254F0A-FBF4-458A-B851-5648DA90FE1F}.Release|x86.ActiveCfg = Release|Any CPU
		{0E254F0A-FBF4-458A-B851-5648DA90FE1F}.Release|x86.Build.0 = Release|Any CPU
		{EF5112AC-6B5E-4F6D-9B31-E55C89431C5E}.Debug|Any CPU.ActiveCfg = Debug|Any CPU
		{EF5112AC-6B5E-4F6D-9B31-E55C89431C5E}.Debug|Any CPU.Build.0 = Debug|Any CPU
		{EF5112AC-6B5E-4F6D-9B31-E55C89431C5E}.Debug|x64.ActiveCfg = Debug|Any CPU
		{EF5112AC-6B5E-4F6D-9B31-E55C89431C5E}.Debug|x64.Build.0 = Debug|Any CPU
		{EF5112AC-6B5E-4F6D-9B31-E55C89431C5E}.Debug|x86.ActiveCfg = Debug|Any CPU
		{EF5112AC-6B5E-4F6D-9B31-E55C89431C5E}.Debug|x86.Build.0 = Debug|Any CPU
		{EF5112AC-6B5E-4F6D-9B31-E55C89431C5E}.Release|Any CPU.ActiveCfg = Release|Any CPU
		{EF5112AC-6B5E-4F6D-9B31-E55C89431C5E}.Release|Any CPU.Build.0 = Release|Any CPU
		{EF5112AC-6B5E-4F6D-9B31-E55C89431C5E}.Release|x64.ActiveCfg = Release|Any CPU
		{EF5112AC-6B5E-4F6D-9B31-E55C89431C5E}.Release|x64.Build.0 = Release|Any CPU
		{EF5112AC-6B5E-4F6D-9B31-E55C89431C5E}.Release|x86.ActiveCfg = Release|Any CPU
		{EF5112AC-6B5E-4F6D-9B31-E55C89431C5E}.Release|x86.Build.0 = Release|Any CPU
		{161BA628-CA70-4E07-BE4B-563708CA5DAE}.Debug|Any CPU.ActiveCfg = Debug|Any CPU
		{161BA628-CA70-4E07-BE4B-563708CA5DAE}.Debug|Any CPU.Build.0 = Debug|Any CPU
		{161BA628-CA70-4E07-BE4B-563708CA5DAE}.Debug|x64.ActiveCfg = Debug|Any CPU
		{161BA628-CA70-4E07-BE4B-563708CA5DAE}.Debug|x64.Build.0 = Debug|Any CPU
		{161BA628-CA70-4E07-BE4B-563708CA5DAE}.Debug|x86.ActiveCfg = Debug|Any CPU
		{161BA628-CA70-4E07-BE4B-563708CA5DAE}.Debug|x86.Build.0 = Debug|Any CPU
		{161BA628-CA70-4E07-BE4B-563708CA5DAE}.Release|Any CPU.ActiveCfg = Release|Any CPU
		{161BA628-CA70-4E07-BE4B-563708CA5DAE}.Release|Any CPU.Build.0 = Release|Any CPU
		{161BA628-CA70-4E07-BE4B-563708CA5DAE}.Release|x64.ActiveCfg = Release|Any CPU
		{161BA628-CA70-4E07-BE4B-563708CA5DAE}.Release|x64.Build.0 = Release|Any CPU
		{161BA628-CA70-4E07-BE4B-563708CA5DAE}.Release|x86.ActiveCfg = Release|Any CPU
		{161BA628-CA70-4E07-BE4B-563708CA5DAE}.Release|x86.Build.0 = Release|Any CPU
		{EF408C13-243D-472F-AE45-27493883CB86}.Debug|Any CPU.ActiveCfg = Debug|Any CPU
		{EF408C13-243D-472F-AE45-27493883CB86}.Debug|Any CPU.Build.0 = Debug|Any CPU
		{EF408C13-243D-472F-AE45-27493883CB86}.Debug|x64.ActiveCfg = Debug|Any CPU
		{EF408C13-243D-472F-AE45-27493883CB86}.Debug|x64.Build.0 = Debug|Any CPU
		{EF408C13-243D-472F-AE45-27493883CB86}.Debug|x86.ActiveCfg = Debug|Any CPU
		{EF408C13-243D-472F-AE45-27493883CB86}.Debug|x86.Build.0 = Debug|Any CPU
		{EF408C13-243D-472F-AE45-27493883CB86}.Release|Any CPU.ActiveCfg = Release|Any CPU
		{EF408C13-243D-472F-AE45-27493883CB86}.Release|Any CPU.Build.0 = Release|Any CPU
		{EF408C13-243D-472F-AE45-27493883CB86}.Release|x64.ActiveCfg = Release|Any CPU
		{EF408C13-243D-472F-AE45-27493883CB86}.Release|x64.Build.0 = Release|Any CPU
		{EF408C13-243D-472F-AE45-27493883CB86}.Release|x86.ActiveCfg = Release|Any CPU
		{EF408C13-243D-472F-AE45-27493883CB86}.Release|x86.Build.0 = Release|Any CPU
	EndGlobalSection
	GlobalSection(SolutionProperties) = preSolution
		HideSolutionNode = FALSE
	EndGlobalSection
	GlobalSection(NestedProjects) = preSolution
		{7B7A6367-6DBF-4154-B0DB-B9FC8F849CEA} = {02EA681E-C7D8-13C7-8484-4AC65E1B71E8}
		{3AC20B2C-87CD-4A09-96BC-B06291F1CFDF} = {02EA681E-C7D8-13C7-8484-4AC65E1B71E8}
		{4C0D0608-84DC-4D3A-810F-1D864E64EF2A} = {02EA681E-C7D8-13C7-8484-4AC65E1B71E8}
		{D87B5FC5-D041-432C-9C9D-34E2536A0722} = {7B7A6367-6DBF-4154-B0DB-B9FC8F849CEA}
		{88886D8E-06AA-49B8-85B3-2FE71067E5A6} = {D87B5FC5-D041-432C-9C9D-34E2536A0722}
		{78804808-04B2-4FDE-973B-9329204C4F1F} = {D87B5FC5-D041-432C-9C9D-34E2536A0722}
		{681B24D9-634E-4D56-8258-C9E34D3FFA77} = {D87B5FC5-D041-432C-9C9D-34E2536A0722}
		{F478FA6B-7C59-4E5A-9B15-D34403F85736} = {D87B5FC5-D041-432C-9C9D-34E2536A0722}
		{2EBC1883-ED0C-46FC-824D-C5C19C3B5BE5} = {02EA681E-C7D8-13C7-8484-4AC65E1B71E8}
		{1DB25B80-2B54-4D8D-B87B-8613BE46756A} = {D87B5FC5-D041-432C-9C9D-34E2536A0722}
		{CE14E4FA-200F-43C5-9A11-C9724377E764} = {7B7A6367-6DBF-4154-B0DB-B9FC8F849CEA}
		{C2AE8E96-60BD-4D9B-9E2F-092949277F7A} = {CE14E4FA-200F-43C5-9A11-C9724377E764}
		{81B79DDA-EFB4-40B0-ABCD-D44A02467260} = {CE14E4FA-200F-43C5-9A11-C9724377E764}
		{240C5F59-0035-4DEF-A118-8F1554BAB0A5} = {7B7A6367-6DBF-4154-B0DB-B9FC8F849CEA}
		{0E254F0A-FBF4-458A-B851-5648DA90FE1F} = {240C5F59-0035-4DEF-A118-8F1554BAB0A5}
		{EF5112AC-6B5E-4F6D-9B31-E55C89431C5E} = {CE14E4FA-200F-43C5-9A11-C9724377E764}
		{161BA628-CA70-4E07-BE4B-563708CA5DAE} = {240C5F59-0035-4DEF-A118-8F1554BAB0A5}
		{EF408C13-243D-472F-AE45-27493883CB86} = {240C5F59-0035-4DEF-A118-8F1554BAB0A5}
	EndGlobalSection
	GlobalSection(ExtensibilityGlobals) = postSolution
		SolutionGuid = {153630E1-E0BC-4903-A9ED-FE348F4B1A46}
	EndGlobalSection
EndGlobal
